
Microsoft Visual Studio Solution File, Format Version 11.00
# Visual Studio 2010
Project("{FAE04EC0-301F-11D3-BF4B-00C04F79EFBC}") = "Assembly-CSharp", "Assembly-CSharp.csproj", "{956CCC4F-5E9B-6176-FE55-25211AFF1945}"
EndProject
Global
	GlobalSection(SolutionConfigurationPlatforms) = preSolution
		Debug|Any CPU = Debug|Any CPU
		Release|Any CPU = Release|Any CPU
	EndGlobalSection
	GlobalSection(ProjectConfigurationPlatforms) = postSolution
		{956CCC4F-5E9B-6176-FE55-25211AFF1945}.Debug|Any CPU.ActiveCfg = Debug|Any CPU
		{956CCC4F-5E9B-6176-FE55-25211AFF1945}.Debug|Any CPU.Build.0 = Debug|Any CPU
		{956CCC4F-5E9B-6176-FE55-25211AFF1945}.Release|Any CPU.ActiveCfg = Release|Any CPU
		{956CCC4F-5E9B-6176-FE55-25211AFF1945}.Release|Any CPU.Build.0 = Release|Any CPU
	EndGlobalSection
	GlobalSection(SolutionProperties) = preSolution
		HideSolutionNode = FALSE
	EndGlobalSection
	GlobalSection(MonoDevelopProperties) = preSolution
		StartupItem = Assembly-CSharp.csproj
	EndGlobalSection
EndGlobal
